
Microsoft Visual Studio Solution File, Format Version 12.00
# Visual Studio Version 17
VisualStudioVersion = 17.2.32602.215
MinimumVisualStudioVersion = 10.0.40219.1
Project("{FAE04EC0-301F-11D3-BF4B-00C04F79EFBC}") = "WPF_Momento", "WPF_Momento\WPF_Momento.csproj", "{95DCDF8A-F5D3-41EA-A2EA-2C37289E7586}"
EndProject
Global
	GlobalSection(SolutionConfigurationPlatforms) = preSolution
		Debug|Any CPU = Debug|Any CPU
		Release|Any CPU = Release|Any CPU
	EndGlobalSection
	GlobalSection(ProjectConfigurationPlatforms) = postSolution
		{95DCDF8A-F5D3-41EA-A2EA-2C37289E7586}.Debug|Any CPU.ActiveCfg = Debug|Any CPU
		{95DCDF8A-F5D3-41EA-A2EA-2C37289E7586}.Debug|Any CPU.Build.0 = Debug|Any CPU
		{95DCDF8A-F5D3-41EA-A2EA-2C37289E7586}.Release|Any CPU.ActiveCfg = Release|Any CPU
		{95DCDF8A-F5D3-41EA-A2EA-2C37289E7586}.Release|Any CPU.Build.0 = Release|Any CPU
	EndGlobalSection
	GlobalSection(SolutionProperties) = preSolution
		HideSolutionNode = FALSE
	EndGlobalSection
	GlobalSection(ExtensibilityGlobals) = postSolution
		SolutionGuid = {5340A07D-F80F-4C36-BF8B-C2780528C51A}
	EndGlobalSection
EndGlobal
